
Microsoft Visual Studio Solution File, Format Version 12.00
Project("{FAE04EC0-301F-11D3-BF4B-00C04F79EFBC}") = "DalamudPackager", "DalamudPackager\DalamudPackager.csproj", "{32D99B21-57F1-457B-8902-EF7325DA15A8}"
EndProject
Global
	GlobalSection(SolutionConfigurationPlatforms) = preSolution
		Debug|Any CPU = Debug|Any CPU
		Release|Any CPU = Release|Any CPU
	EndGlobalSection
	GlobalSection(ProjectConfigurationPlatforms) = postSolution
		{32D99B21-57F1-457B-8902-EF7325DA15A8}.Debug|Any CPU.ActiveCfg = Debug|Any CPU
		{32D99B21-57F1-457B-8902-EF7325DA15A8}.Debug|Any CPU.Build.0 = Debug|Any CPU
		{32D99B21-57F1-457B-8902-EF7325DA15A8}.Release|Any CPU.ActiveCfg = Release|Any CPU
		{32D99B21-57F1-457B-8902-EF7325DA15A8}.Release|Any CPU.Build.0 = Release|Any CPU
	EndGlobalSection
EndGlobal
